// !$*UTF8*$!
{
	archiveVersion = 1;
	classes = {
	};
	objectVersion = 50;
	objects = {

/* Begin PBXBuildFile section */
		5F20A4E12136E8A100F69156 /* MainMediator.swift in Sources */ = {isa = PBXBuildFile; fileRef = 5F20A4E02136E8A100F69156 /* MainMediator.swift */; };
		5F20A4E3213B208000F69156 /* Extensions.swift in Sources */ = {isa = PBXBuildFile; fileRef = 5F20A4E2213B208000F69156 /* Extensions.swift */; };
		5F31AF74212A1C9000020913 /* AppDelegate.swift in Sources */ = {isa = PBXBuildFile; fileRef = 5F31AF73212A1C9000020913 /* AppDelegate.swift */; };
		5F31AF76212A1C9000020913 /* XKCDController.swift in Sources */ = {isa = PBXBuildFile; fileRef = 5F31AF75212A1C9000020913 /* XKCDController.swift */; };
		5F31AF79212A1C9000020913 /* Main.storyboard in Resources */ = {isa = PBXBuildFile; fileRef = 5F31AF77212A1C9000020913 /* Main.storyboard */; };
		5F31AF7B212A1C9100020913 /* Assets.xcassets in Resources */ = {isa = PBXBuildFile; fileRef = 5F31AF7A212A1C9100020913 /* Assets.xcassets */; };
		5F31AF7E212A1C9100020913 /* LaunchScreen.storyboard in Resources */ = {isa = PBXBuildFile; fileRef = 5F31AF7C212A1C9100020913 /* LaunchScreen.storyboard */; };
		5F31AF87212A47A200020913 /* App.swift in Sources */ = {isa = PBXBuildFile; fileRef = 5F31AF86212A47A200020913 /* App.swift */; };
		5F31AF89212A47AA00020913 /* DB.swift in Sources */ = {isa = PBXBuildFile; fileRef = 5F31AF88212A47AA00020913 /* DB.swift */; };
		5F31AF8B212A47B100020913 /* Net.swift in Sources */ = {isa = PBXBuildFile; fileRef = 5F31AF8A212A47B100020913 /* Net.swift */; };
		5F31AF8E212A539900020913 /* XKCDModel.xcdatamodeld in Sources */ = {isa = PBXBuildFile; fileRef = 5F31AF8C212A539900020913 /* XKCDModel.xcdatamodeld */; };
		5F43F9D2213F13A0004C8D17 /* Segoe UI.ttf in Resources */ = {isa = PBXBuildFile; fileRef = 5F43F9D0213F13A0004C8D17 /* Segoe UI.ttf */; };
		5F43F9D3213F13A0004C8D17 /* Segoe UI Bold.ttf in Resources */ = {isa = PBXBuildFile; fileRef = 5F43F9D1213F13A0004C8D17 /* Segoe UI Bold.ttf */; };
		5F43F9D5213F14E0004C8D17 /* Localizable.strings in Resources */ = {isa = PBXBuildFile; fileRef = 5F43F9D4213F14E0004C8D17 /* Localizable.strings */; };
/* End PBXBuildFile section */

/* Begin PBXFileReference section */
		5F20A4E02136E8A100F69156 /* MainMediator.swift */ = {isa = PBXFileReference; lastKnownFileType = sourcecode.swift; path = MainMediator.swift; sourceTree = "<group>"; };
		5F20A4E2213B208000F69156 /* Extensions.swift */ = {isa = PBXFileReference; lastKnownFileType = sourcecode.swift; path = Extensions.swift; sourceTree = "<group>"; };
		5F31AF70212A1C9000020913 /* python-integration.app */ = {isa = PBXFileReference; explicitFileType = wrapper.application; includeInIndex = 0; path = "python-integration.app"; sourceTree = BUILT_PRODUCTS_DIR; };
		5F31AF73212A1C9000020913 /* AppDelegate.swift */ = {isa = PBXFileReference; lastKnownFileType = sourcecode.swift; path = AppDelegate.swift; sourceTree = "<group>"; };
		5F31AF75212A1C9000020913 /* XKCDController.swift */ = {isa = PBXFileReference; lastKnownFileType = sourcecode.swift; path = XKCDController.swift; sourceTree = "<group>"; };
		5F31AF78212A1C9000020913 /* Base */ = {isa = PBXFileReference; lastKnownFileType = file.storyboard; name = Base; path = Base.lproj/Main.storyboard; sourceTree = "<group>"; };
		5F31AF7A212A1C9100020913 /* Assets.xcassets */ = {isa = PBXFileReference; lastKnownFileType = folder.assetcatalog; path = Assets.xcassets; sourceTree = "<group>"; };
		5F31AF7D212A1C9100020913 /* Base */ = {isa = PBXFileReference; lastKnownFileType = file.storyboard; name = Base; path = Base.lproj/LaunchScreen.storyboard; sourceTree = "<group>"; };
		5F31AF7F212A1C9100020913 /* Info.plist */ = {isa = PBXFileReference; lastKnownFileType = text.plist.xml; path = Info.plist; sourceTree = "<group>"; };
		5F31AF86212A47A200020913 /* App.swift */ = {isa = PBXFileReference; lastKnownFileType = sourcecode.swift; path = App.swift; sourceTree = "<group>"; };
		5F31AF88212A47AA00020913 /* DB.swift */ = {isa = PBXFileReference; lastKnownFileType = sourcecode.swift; path = DB.swift; sourceTree = "<group>"; };
		5F31AF8A212A47B100020913 /* Net.swift */ = {isa = PBXFileReference; lastKnownFileType = sourcecode.swift; path = Net.swift; sourceTree = "<group>"; };
		5F31AF8D212A539900020913 /* XKCDModel.xcdatamodel */ = {isa = PBXFileReference; lastKnownFileType = wrapper.xcdatamodel; path = XKCDModel.xcdatamodel; sourceTree = "<group>"; };
		5F43F9D0213F13A0004C8D17 /* Segoe UI.ttf */ = {isa = PBXFileReference; lastKnownFileType = file; path = "Segoe UI.ttf"; sourceTree = "<group>"; };
		5F43F9D1213F13A0004C8D17 /* Segoe UI Bold.ttf */ = {isa = PBXFileReference; lastKnownFileType = file; path = "Segoe UI Bold.ttf"; sourceTree = "<group>"; };
		5F43F9D4213F14E0004C8D17 /* Localizable.strings */ = {isa = PBXFileReference; lastKnownFileType = text.plist.strings; path = Localizable.strings; sourceTree = "<group>"; };
/* End PBXFileReference section */

/* Begin PBXFrameworksBuildPhase section */
		5F31AF6D212A1C9000020913 /* Frameworks */ = {
			isa = PBXFrameworksBuildPhase;
			buildActionMask = 2147483647;
			files = (
			);
			runOnlyForDeploymentPostprocessing = 0;
		};
/* End PBXFrameworksBuildPhase section */

/* Begin PBXGroup section */
		5F31AF67212A1C9000020913 = {
			isa = PBXGroup;
			children = (
				5F31AF72212A1C9000020913 /* python-integration */,
				5F31AF71212A1C9000020913 /* Products */,
			);
			sourceTree = "<group>";
		};
		5F31AF71212A1C9000020913 /* Products */ = {
			isa = PBXGroup;
			children = (
				5F31AF70212A1C9000020913 /* python-integration.app */,
			);
			name = Products;
			sourceTree = "<group>";
		};
		5F31AF72212A1C9000020913 /* python-integration */ = {
			isa = PBXGroup;
			children = (
				5F43F9CF213F1392004C8D17 /* resources */,
				5F31AF85212A43F100020913 /* models */,
				5F31AF73212A1C9000020913 /* AppDelegate.swift */,
				5F31AF75212A1C9000020913 /* XKCDController.swift */,
				5F31AF77212A1C9000020913 /* Main.storyboard */,
				5F31AF7A212A1C9100020913 /* Assets.xcassets */,
				5F31AF7C212A1C9100020913 /* LaunchScreen.storyboard */,
				5F31AF7F212A1C9100020913 /* Info.plist */,
				5F31AF8C212A539900020913 /* XKCDModel.xcdatamodeld */,
				5F20A4E02136E8A100F69156 /* MainMediator.swift */,
				5F20A4E2213B208000F69156 /* Extensions.swift */,
			);
			path = "python-integration";
			sourceTree = "<group>";
		};
		5F31AF85212A43F100020913 /* models */ = {
			isa = PBXGroup;
			children = (
				5F31AF86212A47A200020913 /* App.swift */,
				5F31AF88212A47AA00020913 /* DB.swift */,
				5F31AF8A212A47B100020913 /* Net.swift */,
			);
			path = models;
			sourceTree = "<group>";
		};
		5F43F9CF213F1392004C8D17 /* resources */ = {
			isa = PBXGroup;
			children = (
				5F43F9D1213F13A0004C8D17 /* Segoe UI Bold.ttf */,
				5F43F9D0213F13A0004C8D17 /* Segoe UI.ttf */,
				5F43F9D4213F14E0004C8D17 /* Localizable.strings */,
			);
			path = resources;
			sourceTree = "<group>";
		};
/* End PBXGroup section */

/* Begin PBXNativeTarget section */
		5F31AF6F212A1C9000020913 /* python-integration */ = {
			isa = PBXNativeTarget;
			buildConfigurationList = 5F31AF82212A1C9100020913 /* Build configuration list for PBXNativeTarget "python-integration" */;
			buildPhases = (
				5F31AF8F212B569000020913 /* ShellScript */,
				5F31AF6C212A1C9000020913 /* Sources */,
				5F31AF6D212A1C9000020913 /* Frameworks */,
				5F31AF6E212A1C9000020913 /* Resources */,
			);
			buildRules = (
			);
			dependencies = (
			);
			name = "python-integration";
			productName = "python-integration";
			productReference = 5F31AF70212A1C9000020913 /* python-integration.app */;
			productType = "com.apple.product-type.application";
		};
/* End PBXNativeTarget section */

/* Begin PBXProject section */
		5F31AF68212A1C9000020913 /* Project object */ = {
			isa = PBXProject;
			attributes = {
				LastSwiftUpdateCheck = 0940;
				LastUpgradeCheck = 0940;
				ORGANIZATIONNAME = Syllogismobile;
				TargetAttributes = {
					5F31AF6F212A1C9000020913 = {
						CreatedOnToolsVersion = 9.4.1;
					};
				};
			};
			buildConfigurationList = 5F31AF6B212A1C9000020913 /* Build configuration list for PBXProject "python-integration" */;
			compatibilityVersion = "Xcode 9.3";
			developmentRegion = en;
			hasScannedForEncodings = 0;
			knownRegions = (
				en,
				Base,
			);
			mainGroup = 5F31AF67212A1C9000020913;
			productRefGroup = 5F31AF71212A1C9000020913 /* Products */;
			projectDirPath = "";
			projectRoot = "";
			targets = (
				5F31AF6F212A1C9000020913 /* python-integration */,
			);
		};
/* End PBXProject section */

/* Begin PBXResourcesBuildPhase section */
		5F31AF6E212A1C9000020913 /* Resources */ = {
			isa = PBXResourcesBuildPhase;
			buildActionMask = 2147483647;
			files = (
				5F31AF7E212A1C9100020913 /* LaunchScreen.storyboard in Resources */,
				5F43F9D5213F14E0004C8D17 /* Localizable.strings in Resources */,
				5F43F9D3213F13A0004C8D17 /* Segoe UI Bold.ttf in Resources */,
				5F43F9D2213F13A0004C8D17 /* Segoe UI.ttf in Resources */,
				5F31AF7B212A1C9100020913 /* Assets.xcassets in Resources */,
				5F31AF79212A1C9000020913 /* Main.storyboard in Resources */,
			);
			runOnlyForDeploymentPostprocessing = 0;
		};
/* End PBXResourcesBuildPhase section */

/* Begin PBXShellScriptBuildPhase section */
		5F31AF8F212B569000020913 /* ShellScript */ = {
			isa = PBXShellScriptBuildPhase;
			buildActionMask = 2147483647;
			files = (
			);
			inputPaths = (
			);
			outputPaths = (
			);
			runOnlyForDeploymentPostprocessing = 0;
			shellPath = /bin/sh;
			shellScript = "python \"$PROJECT_DIR/python-integration/model_validator.py\" \"--path=$PROJECT_DIR/python-integration/models\"";
		};
/* End PBXShellScriptBuildPhase section */

/* Begin PBXSourcesBuildPhase section */
		5F31AF6C212A1C9000020913 /* Sources */ = {
			isa = PBXSourcesBuildPhase;
			buildActionMask = 2147483647;
			files = (
				5F31AF87212A47A200020913 /* App.swift in Sources */,
				5F20A4E12136E8A100F69156 /* MainMediator.swift in Sources */,
				5F31AF8B212A47B100020913 /* Net.swift in Sources */,
				5F20A4E3213B208000F69156 /* Extensions.swift in Sources */,
				5F31AF89212A47AA00020913 /* DB.swift in Sources */,
				5F31AF8E212A539900020913 /* XKCDModel.xcdatamodeld in Sources */,
				5F31AF76212A1C9000020913 /* XKCDController.swift in Sources */,
				5F31AF74212A1C9000020913 /* AppDelegate.swift in Sources */,
			);
			runOnlyForDeploymentPostprocessing = 0;
		};
/* End PBXSourcesBuildPhase section */

/* Begin PBXVariantGroup section */
		5F31AF77212A1C9000020913 /* Main.storyboard */ = {
			isa = PBXVariantGroup;
			children = (
				5F31AF78212A1C9000020913 /* Base */,
			);
			name = Main.storyboard;
			sourceTree = "<group>";
		};
		5F31AF7C212A1C9100020913 /* LaunchScreen.storyboard */ = {
			isa = PBXVariantGroup;
			children = (
				5F31AF7D212A1C9100020913 /* Base */,
			);
			name = LaunchScreen.storyboard;
			sourceTree = "<group>";
		};
/* End PBXVariantGroup section */

/* Begin XCBuildConfiguration section */
		5F31AF80212A1C9100020913 /* Debug */ = {
			isa = XCBuildConfiguration;
			buildSettings = {
				ALWAYS_SEARCH_USER_PATHS = NO;
				CLANG_ANALYZER_NONNULL = YES;
				CLANG_ANALYZER_NUMBER_OBJECT_CONVERSION = YES_AGGRESSIVE;
				CLANG_CXX_LANGUAGE_STANDARD = "gnu++14";
				CLANG_CXX_LIBRARY = "libc++";
				CLANG_ENABLE_MODULES = YES;
				CLANG_ENABLE_OBJC_ARC = YES;
				CLANG_ENABLE_OBJC_WEAK = YES;
				CLANG_WARN_BLOCK_CAPTURE_AUTORELEASING = YES;
				CLANG_WARN_BOOL_CONVERSION = YES;
				CLANG_WARN_COMMA = YES;
				CLANG_WARN_CONSTANT_CONVERSION = YES;
				CLANG_WARN_DEPRECATED_OBJC_IMPLEMENTATIONS = YES;
				CLANG_WARN_DIRECT_OBJC_ISA_USAGE = YES_ERROR;
				CLANG_WARN_DOCUMENTATION_COMMENTS = YES;
				CLANG_WARN_EMPTY_BODY = YES;
				CLANG_WARN_ENUM_CONVERSION = YES;
				CLANG_WARN_INFINITE_RECURSION = YES;
				CLANG_WARN_INT_CONVERSION = YES;
				CLANG_WARN_NON_LITERAL_NULL_CONVERSION = YES;
				CLANG_WARN_OBJC_IMPLICIT_RETAIN_SELF = YES;
				CLANG_WARN_OBJC_LITERAL_CONVERSION = YES;
				CLANG_WARN_OBJC_ROOT_CLASS = YES_ERROR;
				CLANG_WARN_RANGE_LOOP_ANALYSIS = YES;
				CLANG_WARN_STRICT_PROTOTYPES = YES;
				CLANG_WARN_SUSPICIOUS_MOVE = YES;
				CLANG_WARN_UNGUARDED_AVAILABILITY = YES_AGGRESSIVE;
				CLANG_WARN_UNREACHABLE_CODE = YES;
				CLANG_WARN__DUPLICATE_METHOD_MATCH = YES;
				CODE_SIGN_IDENTITY = "iPhone Developer";
				COPY_PHASE_STRIP = NO;
				DEBUG_INFORMATION_FORMAT = dwarf;
				ENABLE_STRICT_OBJC_MSGSEND = YES;
				ENABLE_TESTABILITY = YES;
				GCC_C_LANGUAGE_STANDARD = gnu11;
				GCC_DYNAMIC_NO_PIC = NO;
				GCC_NO_COMMON_BLOCKS = YES;
				GCC_OPTIMIZATION_LEVEL = 0;
				GCC_PREPROCESSOR_DEFINITIONS = (
					"DEBUG=1",
					"$(inherited)",
				);
				GCC_WARN_64_TO_32_BIT_CONVERSION = YES;
				GCC_WARN_ABOUT_RETURN_TYPE = YES_ERROR;
				GCC_WARN_UNDECLARED_SELECTOR = YES;
				GCC_WARN_UNINITIALIZED_AUTOS = YES_AGGRESSIVE;
				GCC_WARN_UNUSED_FUNCTION = YES;
				GCC_WARN_UNUSED_VARIABLE = YES;
				IPHONEOS_DEPLOYMENT_TARGET = 11.4;
				MTL_ENABLE_DEBUG_INFO = YES;
				ONLY_ACTIVE_ARCH = YES;
				SDKROOT = iphoneos;
				SWIFT_ACTIVE_COMPILATION_CONDITIONS = DEBUG;
				SWIFT_OPTIMIZATION_LEVEL = "-Onone";
			};
			name = Debug;
		};
		5F31AF81212A1C9100020913 /* Release */ = {
			isa = XCBuildConfiguration;
			buildSettings = {
				ALWAYS_SEARCH_USER_PATHS = NO;
				CLANG_ANALYZER_NONNULL = YES;
				CLANG_ANALYZER_NUMBER_OBJECT_CONVERSION = YES_AGGRESSIVE;
				CLANG_CXX_LANGUAGE_STANDARD = "gnu++14";
				CLANG_CXX_LIBRARY = "libc++";
				CLANG_ENABLE_MODULES = YES;
				CLANG_ENABLE_OBJC_ARC = YES;
				CLANG_ENABLE_OBJC_WEAK = YES;
				CLANG_WARN_BLOCK_CAPTURE_AUTORELEASING = YES;
				CLANG_WARN_BOOL_CONVERSION = YES;
				CLANG_WARN_COMMA = YES;
				CLANG_WARN_CONSTANT_CONVERSION = YES;
				CLANG_WARN_DEPRECATED_OBJC_IMPLEMENTATIONS = YES;
				CLANG_WARN_DIRECT_OBJC_ISA_USAGE = YES_ERROR;
				CLANG_WARN_DOCUMENTATION_COMMENTS = YES;
				CLANG_WARN_EMPTY_BODY = YES;
				CLANG_WARN_ENUM_CONVERSION = YES;
				CLANG_WARN_INFINITE_RECURSION = YES;
				CLANG_WARN_INT_CONVERSION = YES;
				CLANG_WARN_NON_LITERAL_NULL_CONVERSION = YES;
				CLANG_WARN_OBJC_IMPLICIT_RETAIN_SELF = YES;
				CLANG_WARN_OBJC_LITERAL_CONVERSION = YES;
				CLANG_WARN_OBJC_ROOT_CLASS = YES_ERROR;
				CLANG_WARN_RANGE_LOOP_ANALYSIS = YES;
				CLANG_WARN_STRICT_PROTOTYPES = YES;
				CLANG_WARN_SUSPICIOUS_MOVE = YES;
				CLANG_WARN_UNGUARDED_AVAILABILITY = YES_AGGRESSIVE;
				CLANG_WARN_UNREACHABLE_CODE = YES;
				CLANG_WARN__DUPLICATE_METHOD_MATCH = YES;
				CODE_SIGN_IDENTITY = "iPhone Developer";
				COPY_PHASE_STRIP = NO;
				DEBUG_INFORMATION_FORMAT = "dwarf-with-dsym";
				ENABLE_NS_ASSERTIONS = NO;
				ENABLE_STRICT_OBJC_MSGSEND = YES;
				GCC_C_LANGUAGE_STANDARD = gnu11;
				GCC_NO_COMMON_BLOCKS = YES;
				GCC_WARN_64_TO_32_BIT_CONVERSION = YES;
				GCC_WARN_ABOUT_RETURN_TYPE = YES_ERROR;
				GCC_WARN_UNDECLARED_SELECTOR = YES;
				GCC_WARN_UNINITIALIZED_AUTOS = YES_AGGRESSIVE;
				GCC_WARN_UNUSED_FUNCTION = YES;
				GCC_WARN_UNUSED_VARIABLE = YES;
				IPHONEOS_DEPLOYMENT_TARGET = 11.4;
				MTL_ENABLE_DEBUG_INFO = NO;
				SDKROOT = iphoneos;
				SWIFT_COMPILATION_MODE = wholemodule;
				SWIFT_OPTIMIZATION_LEVEL = "-O";
				VALIDATE_PRODUCT = YES;
			};
			name = Release;
		};
		5F31AF83212A1C9100020913 /* Debug */ = {
			isa = XCBuildConfiguration;
			buildSettings = {
				ASSETCATALOG_COMPILER_APPICON_NAME = AppIcon;
				CODE_SIGN_STYLE = Automatic;
				DEVELOPMENT_TEAM = 6TM9D73F4H;
				INFOPLIST_FILE = "python-integration/Info.plist";
				LD_RUNPATH_SEARCH_PATHS = (
					"$(inherited)",
					"@executable_path/Frameworks",
				);
				PRODUCT_BUNDLE_IDENTIFIER = "com.syllogismobile.python-integration";
				PRODUCT_NAME = "$(TARGET_NAME)";
				SWIFT_VERSION = 4.0;
				TARGETED_DEVICE_FAMILY = "1,2";
			};
			name = Debug;
		};
		5F31AF84212A1C9100020913 /* Release */ = {
			isa = XCBuildConfiguration;
			buildSettings = {
				ASSETCATALOG_COMPILER_APPICON_NAME = AppIcon;
				CODE_SIGN_STYLE = Automatic;
				DEVELOPMENT_TEAM = 6TM9D73F4H;
				INFOPLIST_FILE = "python-integration/Info.plist";
				LD_RUNPATH_SEARCH_PATHS = (
					"$(inherited)",
					"@executable_path/Frameworks",
				);
				PRODUCT_BUNDLE_IDENTIFIER = "com.syllogismobile.python-integration";
				PRODUCT_NAME = "$(TARGET_NAME)";
				SWIFT_VERSION = 4.0;
				TARGETED_DEVICE_FAMILY = "1,2";
			};
			name = Release;
		};
/* End XCBuildConfiguration section */

/* Begin XCConfigurationList section */
		5F31AF6B212A1C9000020913 /* Build configuration list for PBXProject "python-integration" */ = {
			isa = XCConfigurationList;
			buildConfigurations = (
				5F31AF80212A1C9100020913 /* Debug */,
				5F31AF81212A1C9100020913 /* Release */,
			);
			defaultConfigurationIsVisible = 0;
			defaultConfigurationName = Release;
		};
		5F31AF82212A1C9100020913 /* Build configuration list for PBXNativeTarget "python-integration" */ = {
			isa = XCConfigurationList;
			buildConfigurations = (
				5F31AF83212A1C9100020913 /* Debug */,
				5F31AF84212A1C9100020913 /* Release */,
			);
			defaultConfigurationIsVisible = 0;
			defaultConfigurationName = Release;
		};
/* End XCConfigurationList section */

/* Begin XCVersionGroup section */
		5F31AF8C212A539900020913 /* XKCDModel.xcdatamodeld */ = {
			isa = XCVersionGroup;
			children = (
				5F31AF8D212A539900020913 /* XKCDModel.xcdatamodel */,
			);
			currentVersion = 5F31AF8D212A539900020913 /* XKCDModel.xcdatamodel */;
			path = XKCDModel.xcdatamodeld;
			sourceTree = "<group>";
			versionGroupType = wrapper.xcdatamodel;
		};
/* End XCVersionGroup section */
	};
	rootObject = 5F31AF68212A1C9000020913 /* Project object */;
}
